
Microsoft Visual Studio Solution File, Format Version 12.00
# Visual Studio Version 17
VisualStudioVersion = 17.10.34928.147
MinimumVisualStudioVersion = 10.0.40219.1
Project("{9A19103F-16F7-4668-BE54-9A1E7A4F7556}") = "RebelRescue", "RebelRescue\RebelRescue.csproj", "{2B9093FB-0F13-4C4F-827E-199C60BD5252}"
EndProject
Project("{9A19103F-16F7-4668-BE54-9A1E7A4F7556}") = "RebelRescueTests", "RebelRescueTests\RebelRescueTests.csproj", "{2B3A35B9-0B17-45E9-B491-64285C9E50ED}"
EndProject
Project("{9A19103F-16F7-4668-BE54-9A1E7A4F7556}") = "RebelRescue.WebApi", "RebelRescue.WebApi\RebelRescue.WebApi.csproj", "{E04C5DE6-E276-42BC-A8A7-6DCEA9B0F54D}"
EndProject
Project("{2150E333-8FDC-42A3-9474-1A3956D46DE8}") = "Domaine", "Domaine", "{8CFD488C-5DA0-4C2F-AEF0-20A7DEAC87F5}"
EndProject
Project("{2150E333-8FDC-42A3-9474-1A3956D46DE8}") = "Infrastructure", "Infrastructure", "{78C52714-9CD5-4092-8732-4E6F62CF741D}"
EndProject
Project("{2150E333-8FDC-42A3-9474-1A3956D46DE8}") = "Tests", "Tests", "{43392049-5BFC-4F1B-9E70-B13F6D7B7636}"
EndProject
Project("{2150E333-8FDC-42A3-9474-1A3956D46DE8}") = "_Extras", "_Extras", "{674E7251-F178-42B1-81D7-99A881ADE750}"
	ProjectSection(SolutionItems) = preProject
		README.md = README.md
	EndProjectSection
EndProject
Project("{9A19103F-16F7-4668-BE54-9A1E7A4F7556}") = "RebelRescue.Swapi.Client", "RebelRescue.Swapi.Client\RebelRescue.Swapi.Client.csproj", "{C362F73F-B534-4373-9529-982E85A610B0}"
EndProject
Project("{2150E333-8FDC-42A3-9474-1A3956D46DE8}") = "HttpClients", "HttpClients", "{7CCE3439-1F8B-4733-81B2-5C360E0329C0}"
EndProject
Project("{FAE04EC0-301F-11D3-BF4B-00C04F79EFBC}") = "RebelRescue.E2E.Tests", "RebelRescue.E2E.Tests\RebelRescue.E2E.Tests.csproj", "{C0B52980-80CB-43EF-BE7F-0AABAAA66518}"
EndProject
Global
	GlobalSection(SolutionConfigurationPlatforms) = preSolution
		Debug|Any CPU = Debug|Any CPU
		Release|Any CPU = Release|Any CPU
	EndGlobalSection
	GlobalSection(ProjectConfigurationPlatforms) = postSolution
		{2B9093FB-0F13-4C4F-827E-199C60BD5252}.Debug|Any CPU.ActiveCfg = Debug|Any CPU
		{2B9093FB-0F13-4C4F-827E-199C60BD5252}.Debug|Any CPU.Build.0 = Debug|Any CPU
		{2B9093FB-0F13-4C4F-827E-199C60BD5252}.Release|Any CPU.ActiveCfg = Release|Any CPU
		{2B9093FB-0F13-4C4F-827E-199C60BD5252}.Release|Any CPU.Build.0 = Release|Any CPU
		{2B3A35B9-0B17-45E9-B491-64285C9E50ED}.Debug|Any CPU.ActiveCfg = Debug|Any CPU
		{2B3A35B9-0B17-45E9-B491-64285C9E50ED}.Debug|Any CPU.Build.0 = Debug|Any CPU
		{2B3A35B9-0B17-45E9-B491-64285C9E50ED}.Release|Any CPU.ActiveCfg = Release|Any CPU
		{2B3A35B9-0B17-45E9-B491-64285C9E50ED}.Release|Any CPU.Build.0 = Release|Any CPU
		{E04C5DE6-E276-42BC-A8A7-6DCEA9B0F54D}.Debug|Any CPU.ActiveCfg = Debug|Any CPU
		{E04C5DE6-E276-42BC-A8A7-6DCEA9B0F54D}.Debug|Any CPU.Build.0 = Debug|Any CPU
		{E04C5DE6-E276-42BC-A8A7-6DCEA9B0F54D}.Release|Any CPU.ActiveCfg = Release|Any CPU
		{E04C5DE6-E276-42BC-A8A7-6DCEA9B0F54D}.Release|Any CPU.Build.0 = Release|Any CPU
		{C362F73F-B534-4373-9529-982E85A610B0}.Debug|Any CPU.ActiveCfg = Debug|Any CPU
		{C362F73F-B534-4373-9529-982E85A610B0}.Debug|Any CPU.Build.0 = Debug|Any CPU
		{C362F73F-B534-4373-9529-982E85A610B0}.Release|Any CPU.ActiveCfg = Release|Any CPU
		{C362F73F-B534-4373-9529-982E85A610B0}.Release|Any CPU.Build.0 = Release|Any CPU
		{C0B52980-80CB-43EF-BE7F-0AABAAA66518}.Debug|Any CPU.ActiveCfg = Debug|Any CPU
		{C0B52980-80CB-43EF-BE7F-0AABAAA66518}.Debug|Any CPU.Build.0 = Debug|Any CPU
		{C0B52980-80CB-43EF-BE7F-0AABAAA66518}.Release|Any CPU.ActiveCfg = Release|Any CPU
		{C0B52980-80CB-43EF-BE7F-0AABAAA66518}.Release|Any CPU.Build.0 = Release|Any CPU
	EndGlobalSection
	GlobalSection(SolutionProperties) = preSolution
		HideSolutionNode = FALSE
	EndGlobalSection
	GlobalSection(NestedProjects) = preSolution
		{2B9093FB-0F13-4C4F-827E-199C60BD5252} = {8CFD488C-5DA0-4C2F-AEF0-20A7DEAC87F5}
		{2B3A35B9-0B17-45E9-B491-64285C9E50ED} = {43392049-5BFC-4F1B-9E70-B13F6D7B7636}
		{E04C5DE6-E276-42BC-A8A7-6DCEA9B0F54D} = {78C52714-9CD5-4092-8732-4E6F62CF741D}
		{C362F73F-B534-4373-9529-982E85A610B0} = {7CCE3439-1F8B-4733-81B2-5C360E0329C0}
		{7CCE3439-1F8B-4733-81B2-5C360E0329C0} = {78C52714-9CD5-4092-8732-4E6F62CF741D}
		{C0B52980-80CB-43EF-BE7F-0AABAAA66518} = {43392049-5BFC-4F1B-9E70-B13F6D7B7636}
	EndGlobalSection
	GlobalSection(ExtensibilityGlobals) = postSolution
		SolutionGuid = {6708965C-965A-4F49-B1DA-D395F0B9D29D}
	EndGlobalSection
EndGlobal
